
Microsoft Visual Studio Solution File, Format Version 12.00
# Visual Studio Version 16
VisualStudioVersion = 16.0.808.4
MinimumVisualStudioVersion = 10.0.40219.1
Project("{FAE04EC0-301F-11D3-BF4B-00C04F79EFBC}") = "Task_1_2", "Task_1_2\Task_1_2.csproj", "{3378AB5A-0146-4086-904A-FBB753E0F64E}"
EndProject
Global
	GlobalSection(SolutionConfigurationPlatforms) = preSolution
		Debug|anycpu = Debug|anycpu
		Release|anycpu = Release|anycpu
	EndGlobalSection
	GlobalSection(ProjectConfigurationPlatforms) = postSolution
		{3378AB5A-0146-4086-904A-FBB753E0F64E}.Debug|anycpu.ActiveCfg = Debug|anycpu
		{3378AB5A-0146-4086-904A-FBB753E0F64E}.Debug|anycpu.Build.0 = Debug|anycpu
		{3378AB5A-0146-4086-904A-FBB753E0F64E}.Release|anycpu.ActiveCfg = Release|anycpu
		{3378AB5A-0146-4086-904A-FBB753E0F64E}.Release|anycpu.Build.0 = Release|anycpu
	EndGlobalSection
	GlobalSection(SolutionProperties) = preSolution
		HideSolutionNode = FALSE
	EndGlobalSection
	GlobalSection(ExtensibilityGlobals) = postSolution
		SolutionGuid = {6549D800-1EAC-49EC-AEA1-D4289EA7B5FC}
	EndGlobalSection
EndGlobal
